
Microsoft Visual Studio Solution File, Format Version 12.00
# Visual Studio Version 17
VisualStudioVersion = 17.0.31912.275
MinimumVisualStudioVersion = 10.0.40219.1
Project("{9A19103F-16F7-4668-BE54-9A1E7A4F7556}") = "SpecflowDemo", "SpecflowDemo.csproj", "{FB0ADC18-442F-4506-86A9-C49F88C2A15B}"
EndProject
Project("{9A19103F-16F7-4668-BE54-9A1E7A4F7556}") = "SeleniumFramework", "..\SeleniumFramework\SeleniumFramework.csproj", "{23AD7441-D52C-4CBF-8CEB-41F3620EB011}"
EndProject
Global
	GlobalSection(SolutionConfigurationPlatforms) = preSolution
		Debug|Any CPU = Debug|Any CPU
		Release|Any CPU = Release|Any CPU
	EndGlobalSection
	GlobalSection(ProjectConfigurationPlatforms) = postSolution
		{FB0ADC18-442F-4506-86A9-C49F88C2A15B}.Debug|Any CPU.ActiveCfg = Debug|Any CPU
		{FB0ADC18-442F-4506-86A9-C49F88C2A15B}.Debug|Any CPU.Build.0 = Debug|Any CPU
		{FB0ADC18-442F-4506-86A9-C49F88C2A15B}.Release|Any CPU.ActiveCfg = Release|Any CPU
		{FB0ADC18-442F-4506-86A9-C49F88C2A15B}.Release|Any CPU.Build.0 = Release|Any CPU
		{23AD7441-D52C-4CBF-8CEB-41F3620EB011}.Debug|Any CPU.ActiveCfg = Debug|Any CPU
		{23AD7441-D52C-4CBF-8CEB-41F3620EB011}.Debug|Any CPU.Build.0 = Debug|Any CPU
		{23AD7441-D52C-4CBF-8CEB-41F3620EB011}.Release|Any CPU.ActiveCfg = Release|Any CPU
		{23AD7441-D52C-4CBF-8CEB-41F3620EB011}.Release|Any CPU.Build.0 = Release|Any CPU
	EndGlobalSection
	GlobalSection(SolutionProperties) = preSolution
		HideSolutionNode = FALSE
	EndGlobalSection
	GlobalSection(ExtensibilityGlobals) = postSolution
		SolutionGuid = {A5FF5C63-882D-4997-A027-91085505301C}
	EndGlobalSection
EndGlobal
